
Microsoft Visual Studio Solution File, Format Version 12.00
# Visual Studio 15
VisualStudioVersion = 15.0.28307.1267
MinimumVisualStudioVersion = 10.0.40219.1
Project("{FAE04EC0-301F-11D3-BF4B-00C04F79EFBC}") = "ClientCFC-P4-037", "ClientCFC-P4-037\ClientCFC-P4-037.csproj", "{063F4CCE-C70F-4540-B793-B42E9930B126}"
EndProject
Global
	GlobalSection(SolutionConfigurationPlatforms) = preSolution
		Debug|Any CPU = Debug|Any CPU
		Release|Any CPU = Release|Any CPU
	EndGlobalSection
	GlobalSection(ProjectConfigurationPlatforms) = postSolution
		{063F4CCE-C70F-4540-B793-B42E9930B126}.Debug|Any CPU.ActiveCfg = Debug|Any CPU
		{063F4CCE-C70F-4540-B793-B42E9930B126}.Debug|Any CPU.Build.0 = Debug|Any CPU
		{063F4CCE-C70F-4540-B793-B42E9930B126}.Release|Any CPU.ActiveCfg = Release|Any CPU
		{063F4CCE-C70F-4540-B793-B42E9930B126}.Release|Any CPU.Build.0 = Release|Any CPU
	EndGlobalSection
	GlobalSection(SolutionProperties) = preSolution
		HideSolutionNode = FALSE
	EndGlobalSection
	GlobalSection(ExtensibilityGlobals) = postSolution
		SolutionGuid = {F99356FE-073D-49FE-9D5C-A6918DE99B49}
	EndGlobalSection
EndGlobal
